
Microsoft Visual Studio Solution File, Format Version 12.00
# Visual Studio Version 17
VisualStudioVersion = 17.9.34728.123
MinimumVisualStudioVersion = 10.0.40219.1
Project("{9A19103F-16F7-4668-BE54-9A1E7A4F7556}") = "TesteFortesTecnologia", "TesteFortesTecnologia.csproj", "{0D96A2CE-A81F-4231-A5FA-743267685D78}"
EndProject
Global
	GlobalSection(SolutionConfigurationPlatforms) = preSolution
		Debug|Any CPU = Debug|Any CPU
		Release|Any CPU = Release|Any CPU
	EndGlobalSection
	GlobalSection(ProjectConfigurationPlatforms) = postSolution
		{0D96A2CE-A81F-4231-A5FA-743267685D78}.Debug|Any CPU.ActiveCfg = Debug|Any CPU
		{0D96A2CE-A81F-4231-A5FA-743267685D78}.Debug|Any CPU.Build.0 = Debug|Any CPU
		{0D96A2CE-A81F-4231-A5FA-743267685D78}.Release|Any CPU.ActiveCfg = Release|Any CPU
		{0D96A2CE-A81F-4231-A5FA-743267685D78}.Release|Any CPU.Build.0 = Release|Any CPU
	EndGlobalSection
	GlobalSection(SolutionProperties) = preSolution
		HideSolutionNode = FALSE
	EndGlobalSection
	GlobalSection(ExtensibilityGlobals) = postSolution
		SolutionGuid = {2F916F08-1328-48D5-93BC-C2DB616CADC5}
	EndGlobalSection
EndGlobal
